{
  "name": "npm-test",
  "version": "1.0.0",
  "lockfileVersion": 1,
  "requires": true,
  "dependencies": {
    "commander": {
      "version": "6.2.1",
      "resolved": "http://192.168.14.11:8888/commander/-/commander-6.2.1.tgz",
      "integrity": "sha1-B5LraC37wyWZm7K4T93duhEKxzw=",
      "dev": true
    }
  }
}
